
Microsoft Visual Studio Solution File, Format Version 12.00
# Visual Studio Version 16
VisualStudioVersion = 16.0.29920.165
MinimumVisualStudioVersion = 10.0.40219.1
Project("{FAE04EC0-301F-11D3-BF4B-00C04F79EFBC}") = "AppHost", "SRC\AppHost\AppHost.csproj", "{F160383A-7000-4FE4-B5E8-D2CA329F48B4}"
EndProject
Global
	GlobalSection(SolutionConfigurationPlatforms) = preSolution
		Debug|Any CPU = Debug|Any CPU
		Release|Any CPU = Release|Any CPU
	EndGlobalSection
	GlobalSection(ProjectConfigurationPlatforms) = postSolution
		{F160383A-7000-4FE4-B5E8-D2CA329F48B4}.Debug|Any CPU.ActiveCfg = Debug|Any CPU
		{F160383A-7000-4FE4-B5E8-D2CA329F48B4}.Debug|Any CPU.Build.0 = Debug|Any CPU
		{F160383A-7000-4FE4-B5E8-D2CA329F48B4}.Release|Any CPU.ActiveCfg = Release|Any CPU
		{F160383A-7000-4FE4-B5E8-D2CA329F48B4}.Release|Any CPU.Build.0 = Release|Any CPU
	EndGlobalSection
	GlobalSection(SolutionProperties) = preSolution
		HideSolutionNode = FALSE
	EndGlobalSection
	GlobalSection(ExtensibilityGlobals) = postSolution
		SolutionGuid = {358A84CC-6CA8-4DA8-8B2B-418D6DF3472F}
	EndGlobalSection
EndGlobal
