
Microsoft Visual Studio Solution File, Format Version 12.00
# Visual Studio Version 16
VisualStudioVersion = 16.0.29920.165
MinimumVisualStudioVersion = 10.0.40219.1
Project("{9A19103F-16F7-4668-BE54-9A1E7A4F7556}") = "RPC.Server", "SRC\RPC.Server\RPC.Server.csproj", "{F160383A-7000-4FE4-B5E8-D2CA329F48B4}"
EndProject
Project("{9A19103F-16F7-4668-BE54-9A1E7A4F7556}") = "RPC.Tests", "TEST\RPC.Tests.csproj", "{4F92F535-C640-457A-A908-40529B17AE7F}"
EndProject
Project("{FAE04EC0-301F-11D3-BF4B-00C04F79EFBC}") = "RPC.Client", "SRC\RPC.Client\RPC.Client.csproj", "{EA247979-47CA-4ABA-990F-7E267BD72C4E}"
EndProject
Global
	GlobalSection(SolutionConfigurationPlatforms) = preSolution
		Debug|Any CPU = Debug|Any CPU
		Release|Any CPU = Release|Any CPU
	EndGlobalSection
	GlobalSection(ProjectConfigurationPlatforms) = postSolution
		{F160383A-7000-4FE4-B5E8-D2CA329F48B4}.Debug|Any CPU.ActiveCfg = Debug|Any CPU
		{F160383A-7000-4FE4-B5E8-D2CA329F48B4}.Debug|Any CPU.Build.0 = Debug|Any CPU
		{F160383A-7000-4FE4-B5E8-D2CA329F48B4}.Release|Any CPU.ActiveCfg = Release|Any CPU
		{F160383A-7000-4FE4-B5E8-D2CA329F48B4}.Release|Any CPU.Build.0 = Release|Any CPU
		{4F92F535-C640-457A-A908-40529B17AE7F}.Debug|Any CPU.ActiveCfg = Debug|Any CPU
		{4F92F535-C640-457A-A908-40529B17AE7F}.Debug|Any CPU.Build.0 = Debug|Any CPU
		{4F92F535-C640-457A-A908-40529B17AE7F}.Release|Any CPU.ActiveCfg = Debug|Any CPU
		{4F92F535-C640-457A-A908-40529B17AE7F}.Release|Any CPU.Build.0 = Debug|Any CPU
		{EA247979-47CA-4ABA-990F-7E267BD72C4E}.Debug|Any CPU.ActiveCfg = Debug|Any CPU
		{EA247979-47CA-4ABA-990F-7E267BD72C4E}.Debug|Any CPU.Build.0 = Debug|Any CPU
		{EA247979-47CA-4ABA-990F-7E267BD72C4E}.Release|Any CPU.ActiveCfg = Release|Any CPU
		{EA247979-47CA-4ABA-990F-7E267BD72C4E}.Release|Any CPU.Build.0 = Release|Any CPU
	EndGlobalSection
	GlobalSection(SolutionProperties) = preSolution
		HideSolutionNode = FALSE
	EndGlobalSection
	GlobalSection(ExtensibilityGlobals) = postSolution
		SolutionGuid = {358A84CC-6CA8-4DA8-8B2B-418D6DF3472F}
	EndGlobalSection
EndGlobal
